// !$*UTF8*$!
{
	archiveVersion = 1;
	classes = {
	};
	objectVersion = 46;
	objects = {

/* Begin PBXBuildFile section */
		3A1238581A5349E50003D383 /* Exercise+Crud.swift in Sources */ = {isa = PBXBuildFile; fileRef = 3A1238571A5349E50003D383 /* Exercise+Crud.swift */; };
		3A12385A1A534D6D0003D383 /* Training+Crud.swift in Sources */ = {isa = PBXBuildFile; fileRef = 3A1238591A534D6D0003D383 /* Training+Crud.swift */; };
		3A12385C1A534E8C0003D383 /* TrainingExercise+Crud.swift in Sources */ = {isa = PBXBuildFile; fileRef = 3A12385B1A534E8C0003D383 /* TrainingExercise+Crud.swift */; };
		3A1238721A53D68D0003D383 /* Training.swift in Sources */ = {isa = PBXBuildFile; fileRef = 3A1238711A53D68D0003D383 /* Training.swift */; };
		3A1238741A53D68D0003D383 /* TrainingExercise.swift in Sources */ = {isa = PBXBuildFile; fileRef = 3A1238731A53D68D0003D383 /* TrainingExercise.swift */; };
		3A5D9D0C1A5853BB00DC1D97 /* Variation.swift in Sources */ = {isa = PBXBuildFile; fileRef = 3A5D9D0B1A5853BB00DC1D97 /* Variation.swift */; };
		3A5D9D101A58546700DC1D97 /* Variation+Crud.swift in Sources */ = {isa = PBXBuildFile; fileRef = 3A5D9D0F1A58546700DC1D97 /* Variation+Crud.swift */; };
		3A5D9D121A5858FC00DC1D97 /* String+Util.swift in Sources */ = {isa = PBXBuildFile; fileRef = 3A5D9D111A5858FC00DC1D97 /* String+Util.swift */; };
		3A6826BA1A4EDA66006E3BFB /* main.swift in Sources */ = {isa = PBXBuildFile; fileRef = 3A6826B91A4EDA66006E3BFB /* main.swift */; };
		3ADF0AA01A515079007B5C32 /* Exercises.xcdatamodeld in Sources */ = {isa = PBXBuildFile; fileRef = 3ADF0A9E1A515079007B5C32 /* Exercises.xcdatamodeld */; };
		3ADFFEBB1A595F7000476558 /* Exercise.swift in Sources */ = {isa = PBXBuildFile; fileRef = 3ADFFEBA1A595F7000476558 /* Exercise.swift */; };
		3ADFFEBD1A59BDDC00476558 /* out.json in CopyFiles */ = {isa = PBXBuildFile; fileRef = 3ADFFEBC1A59BDDC00476558 /* out.json */; };
		3AE920021A55863200F8BAB4 /* Category.swift in Sources */ = {isa = PBXBuildFile; fileRef = 3AE920011A55863200F8BAB4 /* Category.swift */; };
		3AE920041A55865F00F8BAB4 /* Category+Crud.swift in Sources */ = {isa = PBXBuildFile; fileRef = 3AE920031A55865F00F8BAB4 /* Category+Crud.swift */; };
/* End PBXBuildFile section */

/* Begin PBXCopyFilesBuildPhase section */
		3A6826B41A4EDA66006E3BFB /* CopyFiles */ = {
			isa = PBXCopyFilesBuildPhase;
			buildActionMask = 2147483647;
			dstPath = /usr/share/man/man1/;
			dstSubfolderSpec = 0;
			files = (
			);
			runOnlyForDeploymentPostprocessing = 1;
		};
		3A6826D41A4EE06D006E3BFB /* CopyFiles */ = {
			isa = PBXCopyFilesBuildPhase;
			buildActionMask = 2147483647;
			dstPath = "";
			dstSubfolderSpec = 16;
			files = (
				3ADFFEBD1A59BDDC00476558 /* out.json in CopyFiles */,
			);
			runOnlyForDeploymentPostprocessing = 0;
		};
/* End PBXCopyFilesBuildPhase section */

/* Begin PBXFileReference section */
		3A1238571A5349E50003D383 /* Exercise+Crud.swift */ = {isa = PBXFileReference; fileEncoding = 4; lastKnownFileType = sourcecode.swift; path = "Exercise+Crud.swift"; sourceTree = "<group>"; };
		3A1238591A534D6D0003D383 /* Training+Crud.swift */ = {isa = PBXFileReference; fileEncoding = 4; lastKnownFileType = sourcecode.swift; path = "Training+Crud.swift"; sourceTree = "<group>"; };
		3A12385B1A534E8C0003D383 /* TrainingExercise+Crud.swift */ = {isa = PBXFileReference; fileEncoding = 4; lastKnownFileType = sourcecode.swift; path = "TrainingExercise+Crud.swift"; sourceTree = "<group>"; };
		3A1238711A53D68D0003D383 /* Training.swift */ = {isa = PBXFileReference; fileEncoding = 4; lastKnownFileType = sourcecode.swift; path = Training.swift; sourceTree = "<group>"; };
		3A1238731A53D68D0003D383 /* TrainingExercise.swift */ = {isa = PBXFileReference; fileEncoding = 4; lastKnownFileType = sourcecode.swift; path = TrainingExercise.swift; sourceTree = "<group>"; };
		3A5D9D0B1A5853BB00DC1D97 /* Variation.swift */ = {isa = PBXFileReference; fileEncoding = 4; lastKnownFileType = sourcecode.swift; path = Variation.swift; sourceTree = "<group>"; };
		3A5D9D0F1A58546700DC1D97 /* Variation+Crud.swift */ = {isa = PBXFileReference; fileEncoding = 4; lastKnownFileType = sourcecode.swift; path = "Variation+Crud.swift"; sourceTree = "<group>"; };
		3A5D9D111A5858FC00DC1D97 /* String+Util.swift */ = {isa = PBXFileReference; fileEncoding = 4; lastKnownFileType = sourcecode.swift; path = "String+Util.swift"; sourceTree = "<group>"; };
		3A6826B61A4EDA66006E3BFB /* loadexercises */ = {isa = PBXFileReference; explicitFileType = "compiled.mach-o.executable"; includeInIndex = 0; path = loadexercises; sourceTree = BUILT_PRODUCTS_DIR; };
		3A6826B91A4EDA66006E3BFB /* main.swift */ = {isa = PBXFileReference; lastKnownFileType = sourcecode.swift; path = main.swift; sourceTree = "<group>"; };
		3ADF0A9F1A515079007B5C32 /* Exercises.xcdatamodel */ = {isa = PBXFileReference; lastKnownFileType = wrapper.xcdatamodel; path = Exercises.xcdatamodel; sourceTree = "<group>"; };
		3ADFFEBA1A595F7000476558 /* Exercise.swift */ = {isa = PBXFileReference; fileEncoding = 4; lastKnownFileType = sourcecode.swift; path = Exercise.swift; sourceTree = "<group>"; };
		3ADFFEBC1A59BDDC00476558 /* out.json */ = {isa = PBXFileReference; lastKnownFileType = text.json; name = out.json; path = ../../clj/trainorg/out.json; sourceTree = "<group>"; };
		3AE920011A55863200F8BAB4 /* Category.swift */ = {isa = PBXFileReference; fileEncoding = 4; lastKnownFileType = sourcecode.swift; path = Category.swift; sourceTree = "<group>"; };
		3AE920031A55865F00F8BAB4 /* Category+Crud.swift */ = {isa = PBXFileReference; fileEncoding = 4; lastKnownFileType = sourcecode.swift; path = "Category+Crud.swift"; sourceTree = "<group>"; };
/* End PBXFileReference section */

/* Begin PBXFrameworksBuildPhase section */
		3A6826B31A4EDA66006E3BFB /* Frameworks */ = {
			isa = PBXFrameworksBuildPhase;
			buildActionMask = 2147483647;
			files = (
			);
			runOnlyForDeploymentPostprocessing = 0;
		};
/* End PBXFrameworksBuildPhase section */

/* Begin PBXGroup section */
		3A6826AD1A4EDA66006E3BFB = {
			isa = PBXGroup;
			children = (
				3ADFFEBC1A59BDDC00476558 /* out.json */,
				3A6826B81A4EDA66006E3BFB /* loadexercises */,
				3A6826B71A4EDA66006E3BFB /* Products */,
			);
			sourceTree = "<group>";
		};
		3A6826B71A4EDA66006E3BFB /* Products */ = {
			isa = PBXGroup;
			children = (
				3A6826B61A4EDA66006E3BFB /* loadexercises */,
			);
			name = Products;
			sourceTree = "<group>";
		};
		3A6826B81A4EDA66006E3BFB /* loadexercises */ = {
			isa = PBXGroup;
			children = (
				3AE920011A55863200F8BAB4 /* Category.swift */,
				3AE920031A55865F00F8BAB4 /* Category+Crud.swift */,
				3ADFFEBA1A595F7000476558 /* Exercise.swift */,
				3A1238571A5349E50003D383 /* Exercise+Crud.swift */,
				3A5D9D111A5858FC00DC1D97 /* String+Util.swift */,
				3A1238711A53D68D0003D383 /* Training.swift */,
				3A1238591A534D6D0003D383 /* Training+Crud.swift */,
				3A1238731A53D68D0003D383 /* TrainingExercise.swift */,
				3A12385B1A534E8C0003D383 /* TrainingExercise+Crud.swift */,
				3A5D9D0B1A5853BB00DC1D97 /* Variation.swift */,
				3A5D9D0F1A58546700DC1D97 /* Variation+Crud.swift */,
				3ADF0A9E1A515079007B5C32 /* Exercises.xcdatamodeld */,
				3A6826B91A4EDA66006E3BFB /* main.swift */,
			);
			path = loadexercises;
			sourceTree = "<group>";
		};
/* End PBXGroup section */

/* Begin PBXNativeTarget section */
		3A6826B51A4EDA66006E3BFB /* loadexercises */ = {
			isa = PBXNativeTarget;
			buildConfigurationList = 3A6826BD1A4EDA66006E3BFB /* Build configuration list for PBXNativeTarget "loadexercises" */;
			buildPhases = (
				3A6826B21A4EDA66006E3BFB /* Sources */,
				3A6826B31A4EDA66006E3BFB /* Frameworks */,
				3A6826B41A4EDA66006E3BFB /* CopyFiles */,
				3A6826D41A4EE06D006E3BFB /* CopyFiles */,
			);
			buildRules = (
			);
			dependencies = (
			);
			name = loadexercises;
			productName = loadexercises;
			productReference = 3A6826B61A4EDA66006E3BFB /* loadexercises */;
			productType = "com.apple.product-type.tool";
		};
/* End PBXNativeTarget section */

/* Begin PBXProject section */
		3A6826AE1A4EDA66006E3BFB /* Project object */ = {
			isa = PBXProject;
			attributes = {
				LastUpgradeCheck = 0610;
				ORGANIZATIONNAME = Blijdorp;
				TargetAttributes = {
					3A6826B51A4EDA66006E3BFB = {
						CreatedOnToolsVersion = 6.1.1;
					};
				};
			};
			buildConfigurationList = 3A6826B11A4EDA66006E3BFB /* Build configuration list for PBXProject "loadexercises" */;
			compatibilityVersion = "Xcode 3.2";
			developmentRegion = English;
			hasScannedForEncodings = 0;
			knownRegions = (
				en,
			);
			mainGroup = 3A6826AD1A4EDA66006E3BFB;
			productRefGroup = 3A6826B71A4EDA66006E3BFB /* Products */;
			projectDirPath = "";
			projectRoot = "";
			targets = (
				3A6826B51A4EDA66006E3BFB /* loadexercises */,
			);
		};
/* End PBXProject section */

/* Begin PBXSourcesBuildPhase section */
		3A6826B21A4EDA66006E3BFB /* Sources */ = {
			isa = PBXSourcesBuildPhase;
			buildActionMask = 2147483647;
			files = (
				3A1238721A53D68D0003D383 /* Training.swift in Sources */,
				3A5D9D101A58546700DC1D97 /* Variation+Crud.swift in Sources */,
				3A5D9D121A5858FC00DC1D97 /* String+Util.swift in Sources */,
				3ADF0AA01A515079007B5C32 /* Exercises.xcdatamodeld in Sources */,
				3A1238581A5349E50003D383 /* Exercise+Crud.swift in Sources */,
				3A12385C1A534E8C0003D383 /* TrainingExercise+Crud.swift in Sources */,
				3AE920021A55863200F8BAB4 /* Category.swift in Sources */,
				3A5D9D0C1A5853BB00DC1D97 /* Variation.swift in Sources */,
				3A6826BA1A4EDA66006E3BFB /* main.swift in Sources */,
				3ADFFEBB1A595F7000476558 /* Exercise.swift in Sources */,
				3A1238741A53D68D0003D383 /* TrainingExercise.swift in Sources */,
				3A12385A1A534D6D0003D383 /* Training+Crud.swift in Sources */,
				3AE920041A55865F00F8BAB4 /* Category+Crud.swift in Sources */,
			);
			runOnlyForDeploymentPostprocessing = 0;
		};
/* End PBXSourcesBuildPhase section */

/* Begin XCBuildConfiguration section */
		3A6826BB1A4EDA66006E3BFB /* Debug */ = {
			isa = XCBuildConfiguration;
			buildSettings = {
				ALWAYS_SEARCH_USER_PATHS = NO;
				CLANG_CXX_LANGUAGE_STANDARD = "gnu++0x";
				CLANG_CXX_LIBRARY = "libc++";
				CLANG_ENABLE_MODULES = YES;
				CLANG_ENABLE_OBJC_ARC = YES;
				CLANG_WARN_BOOL_CONVERSION = YES;
				CLANG_WARN_CONSTANT_CONVERSION = YES;
				CLANG_WARN_DIRECT_OBJC_ISA_USAGE = YES_ERROR;
				CLANG_WARN_EMPTY_BODY = YES;
				CLANG_WARN_ENUM_CONVERSION = YES;
				CLANG_WARN_INT_CONVERSION = YES;
				CLANG_WARN_OBJC_ROOT_CLASS = YES_ERROR;
				CLANG_WARN_UNREACHABLE_CODE = YES;
				CLANG_WARN__DUPLICATE_METHOD_MATCH = YES;
				COPY_PHASE_STRIP = NO;
				ENABLE_STRICT_OBJC_MSGSEND = YES;
				GCC_C_LANGUAGE_STANDARD = gnu99;
				GCC_DYNAMIC_NO_PIC = NO;
				GCC_OPTIMIZATION_LEVEL = 0;
				GCC_PREPROCESSOR_DEFINITIONS = (
					"DEBUG=1",
					"$(inherited)",
				);
				GCC_SYMBOLS_PRIVATE_EXTERN = NO;
				GCC_WARN_64_TO_32_BIT_CONVERSION = YES;
				GCC_WARN_ABOUT_RETURN_TYPE = YES_ERROR;
				GCC_WARN_UNDECLARED_SELECTOR = YES;
				GCC_WARN_UNINITIALIZED_AUTOS = YES_AGGRESSIVE;
				GCC_WARN_UNUSED_FUNCTION = YES;
				GCC_WARN_UNUSED_VARIABLE = YES;
				MACOSX_DEPLOYMENT_TARGET = 10.10;
				MTL_ENABLE_DEBUG_INFO = YES;
				ONLY_ACTIVE_ARCH = YES;
				SDKROOT = macosx;
				SWIFT_OPTIMIZATION_LEVEL = "-Onone";
			};
			name = Debug;
		};
		3A6826BC1A4EDA66006E3BFB /* Release */ = {
			isa = XCBuildConfiguration;
			buildSettings = {
				ALWAYS_SEARCH_USER_PATHS = NO;
				CLANG_CXX_LANGUAGE_STANDARD = "gnu++0x";
				CLANG_CXX_LIBRARY = "libc++";
				CLANG_ENABLE_MODULES = YES;
				CLANG_ENABLE_OBJC_ARC = YES;
				CLANG_WARN_BOOL_CONVERSION = YES;
				CLANG_WARN_CONSTANT_CONVERSION = YES;
				CLANG_WARN_DIRECT_OBJC_ISA_USAGE = YES_ERROR;
				CLANG_WARN_EMPTY_BODY = YES;
				CLANG_WARN_ENUM_CONVERSION = YES;
				CLANG_WARN_INT_CONVERSION = YES;
				CLANG_WARN_OBJC_ROOT_CLASS = YES_ERROR;
				CLANG_WARN_UNREACHABLE_CODE = YES;
				CLANG_WARN__DUPLICATE_METHOD_MATCH = YES;
				COPY_PHASE_STRIP = YES;
				DEBUG_INFORMATION_FORMAT = "dwarf-with-dsym";
				ENABLE_NS_ASSERTIONS = NO;
				ENABLE_STRICT_OBJC_MSGSEND = YES;
				GCC_C_LANGUAGE_STANDARD = gnu99;
				GCC_WARN_64_TO_32_BIT_CONVERSION = YES;
				GCC_WARN_ABOUT_RETURN_TYPE = YES_ERROR;
				GCC_WARN_UNDECLARED_SELECTOR = YES;
				GCC_WARN_UNINITIALIZED_AUTOS = YES_AGGRESSIVE;
				GCC_WARN_UNUSED_FUNCTION = YES;
				GCC_WARN_UNUSED_VARIABLE = YES;
				MACOSX_DEPLOYMENT_TARGET = 10.10;
				MTL_ENABLE_DEBUG_INFO = NO;
				SDKROOT = macosx;
			};
			name = Release;
		};
		3A6826BE1A4EDA66006E3BFB /* Debug */ = {
			isa = XCBuildConfiguration;
			buildSettings = {
				MOMC_NO_INVERSE_RELATIONSHIP_WARNINGS = YES;
				MOMC_NO_WARNINGS = NO;
				PRODUCT_NAME = "$(TARGET_NAME)";
			};
			name = Debug;
		};
		3A6826BF1A4EDA66006E3BFB /* Release */ = {
			isa = XCBuildConfiguration;
			buildSettings = {
				MOMC_NO_INVERSE_RELATIONSHIP_WARNINGS = YES;
				MOMC_NO_WARNINGS = NO;
				PRODUCT_NAME = "$(TARGET_NAME)";
			};
			name = Release;
		};
/* End XCBuildConfiguration section */

/* Begin XCConfigurationList section */
		3A6826B11A4EDA66006E3BFB /* Build configuration list for PBXProject "loadexercises" */ = {
			isa = XCConfigurationList;
			buildConfigurations = (
				3A6826BB1A4EDA66006E3BFB /* Debug */,
				3A6826BC1A4EDA66006E3BFB /* Release */,
			);
			defaultConfigurationIsVisible = 0;
			defaultConfigurationName = Release;
		};
		3A6826BD1A4EDA66006E3BFB /* Build configuration list for PBXNativeTarget "loadexercises" */ = {
			isa = XCConfigurationList;
			buildConfigurations = (
				3A6826BE1A4EDA66006E3BFB /* Debug */,
				3A6826BF1A4EDA66006E3BFB /* Release */,
			);
			defaultConfigurationIsVisible = 0;
			defaultConfigurationName = Release;
		};
/* End XCConfigurationList section */

/* Begin XCVersionGroup section */
		3ADF0A9E1A515079007B5C32 /* Exercises.xcdatamodeld */ = {
			isa = XCVersionGroup;
			children = (
				3ADF0A9F1A515079007B5C32 /* Exercises.xcdatamodel */,
			);
			currentVersion = 3ADF0A9F1A515079007B5C32 /* Exercises.xcdatamodel */;
			path = Exercises.xcdatamodeld;
			sourceTree = "<group>";
			versionGroupType = wrapper.xcdatamodel;
		};
/* End XCVersionGroup section */
	};
	rootObject = 3A6826AE1A4EDA66006E3BFB /* Project object */;
}
